
Microsoft Visual Studio Solution File, Format Version 12.00
# Visual Studio Version 17
VisualStudioVersion = 17.11.35312.102
MinimumVisualStudioVersion = 10.0.40219.1
Project("{8BC9CEB8-8B4A-11D0-8D11-00A0C91BC942}") = "hw5.6-P19", "hw5.6-P19\hw5.6-P19.vcxproj", "{58BC3B70-9E36-4B20-B055-E60AB68A59D7}"
EndProject
Global
	GlobalSection(SolutionConfigurationPlatforms) = preSolution
		Debug|x64 = Debug|x64
		Debug|x86 = Debug|x86
		Release|x64 = Release|x64
		Release|x86 = Release|x86
	EndGlobalSection
	GlobalSection(ProjectConfigurationPlatforms) = postSolution
		{58BC3B70-9E36-4B20-B055-E60AB68A59D7}.Debug|x64.ActiveCfg = Debug|x64
		{58BC3B70-9E36-4B20-B055-E60AB68A59D7}.Debug|x64.Build.0 = Debug|x64
		{58BC3B70-9E36-4B20-B055-E60AB68A59D7}.Debug|x86.ActiveCfg = Debug|Win32
		{58BC3B70-9E36-4B20-B055-E60AB68A59D7}.Debug|x86.Build.0 = Debug|Win32
		{58BC3B70-9E36-4B20-B055-E60AB68A59D7}.Release|x64.ActiveCfg = Release|x64
		{58BC3B70-9E36-4B20-B055-E60AB68A59D7}.Release|x64.Build.0 = Release|x64
		{58BC3B70-9E36-4B20-B055-E60AB68A59D7}.Release|x86.ActiveCfg = Release|Win32
		{58BC3B70-9E36-4B20-B055-E60AB68A59D7}.Release|x86.Build.0 = Release|Win32
	EndGlobalSection
	GlobalSection(SolutionProperties) = preSolution
		HideSolutionNode = FALSE
	EndGlobalSection
	GlobalSection(ExtensibilityGlobals) = postSolution
		SolutionGuid = {A0C94BC0-6EBD-40FD-BA17-262786E898D4}
	EndGlobalSection
EndGlobal
